
Microsoft Visual Studio Solution File, Format Version 12.00
Project("{FAE04EC0-301F-11D3-BF4B-00C04F79EFBC}") = "AvaRoomAssign", "AvaRoomAssign\AvaRoomAssign.csproj", "{96A3AE06-4F12-4D32-9098-3FF73AD837F8}"
EndProject
Global
	GlobalSection(SolutionConfigurationPlatforms) = preSolution
		Debug|Any CPU = Debug|Any CPU
		Release|Any CPU = Release|Any CPU
	EndGlobalSection
	GlobalSection(ProjectConfigurationPlatforms) = postSolution
		{96A3AE06-4F12-4D32-9098-3FF73AD837F8}.Debug|Any CPU.ActiveCfg = Debug|Any CPU
		{96A3AE06-4F12-4D32-9098-3FF73AD837F8}.Debug|Any CPU.Build.0 = Debug|Any CPU
		{96A3AE06-4F12-4D32-9098-3FF73AD837F8}.Release|Any CPU.ActiveCfg = Release|Any CPU
		{96A3AE06-4F12-4D32-9098-3FF73AD837F8}.Release|Any CPU.Build.0 = Release|Any CPU
	EndGlobalSection
EndGlobal
